// !$*UTF8*$!
{
	archiveVersion = 1;
	classes = {
	};
	objectVersion = 50;
	objects = {

/* Begin PBXBuildFile section */
		2F04231521BB668100B8BFA3 /* credentials.plist in Resources */ = {isa = PBXBuildFile; fileRef = 2F04231421BB668100B8BFA3 /* credentials.plist */; };
		2F5CAA2721BACF4F001049A8 /* AppDelegate.swift in Sources */ = {isa = PBXBuildFile; fileRef = 2F5CAA2621BACF4F001049A8 /* AppDelegate.swift */; };
		2F5CAA2921BACF4F001049A8 /* ViewController.swift in Sources */ = {isa = PBXBuildFile; fileRef = 2F5CAA2821BACF4F001049A8 /* ViewController.swift */; };
		2F5CAA2C21BACF4F001049A8 /* Main.storyboard in Resources */ = {isa = PBXBuildFile; fileRef = 2F5CAA2A21BACF4F001049A8 /* Main.storyboard */; };
		2F5CAA2E21BACF50001049A8 /* Assets.xcassets in Resources */ = {isa = PBXBuildFile; fileRef = 2F5CAA2D21BACF50001049A8 /* Assets.xcassets */; };
		2F5CAA3121BACF50001049A8 /* LaunchScreen.storyboard in Resources */ = {isa = PBXBuildFile; fileRef = 2F5CAA2F21BACF50001049A8 /* LaunchScreen.storyboard */; };
		2F5CAA3A21BAD2AD001049A8 /* README.md in Resources */ = {isa = PBXBuildFile; fileRef = 2F5CAA3921BAD2AD001049A8 /* README.md */; };
		2F5CAA4021BAD35D001049A8 /* UserModel.swift in Sources */ = {isa = PBXBuildFile; fileRef = 2F5CAA3F21BAD35D001049A8 /* UserModel.swift */; };
		2F5CAA4221BAD378001049A8 /* NetworkService.swift in Sources */ = {isa = PBXBuildFile; fileRef = 2F5CAA4121BAD378001049A8 /* NetworkService.swift */; };
		2F5CAA4421BAD553001049A8 /* KakaoOpenSDK.framework in Frameworks */ = {isa = PBXBuildFile; fileRef = 2F5CAA4321BAD553001049A8 /* KakaoOpenSDK.framework */; };
		8BBDD778996122A8C904F8E4 /* Pods_Sooling_iOS.framework in Frameworks */ = {isa = PBXBuildFile; fileRef = 1E9C487B3E61AE1C1CCCC649 /* Pods_Sooling_iOS.framework */; };
/* End PBXBuildFile section */

/* Begin PBXFileReference section */
		097E5F7081BE815B3943E92C /* Pods-Sooling-iOS.debug.xcconfig */ = {isa = PBXFileReference; includeInIndex = 1; lastKnownFileType = text.xcconfig; name = "Pods-Sooling-iOS.debug.xcconfig"; path = "Pods/Target Support Files/Pods-Sooling-iOS/Pods-Sooling-iOS.debug.xcconfig"; sourceTree = "<group>"; };
		1E9C487B3E61AE1C1CCCC649 /* Pods_Sooling_iOS.framework */ = {isa = PBXFileReference; explicitFileType = wrapper.framework; includeInIndex = 0; path = Pods_Sooling_iOS.framework; sourceTree = BUILT_PRODUCTS_DIR; };
		2F04231421BB668100B8BFA3 /* credentials.plist */ = {isa = PBXFileReference; fileEncoding = 4; lastKnownFileType = text.plist.xml; path = credentials.plist; sourceTree = "<group>"; };
		2F5CAA2321BACF4F001049A8 /* Sooling-iOS.app */ = {isa = PBXFileReference; explicitFileType = wrapper.application; includeInIndex = 0; path = "Sooling-iOS.app"; sourceTree = BUILT_PRODUCTS_DIR; };
		2F5CAA2621BACF4F001049A8 /* AppDelegate.swift */ = {isa = PBXFileReference; lastKnownFileType = sourcecode.swift; path = AppDelegate.swift; sourceTree = "<group>"; };
		2F5CAA2821BACF4F001049A8 /* ViewController.swift */ = {isa = PBXFileReference; lastKnownFileType = sourcecode.swift; path = ViewController.swift; sourceTree = "<group>"; };
		2F5CAA2B21BACF4F001049A8 /* Base */ = {isa = PBXFileReference; lastKnownFileType = file.storyboard; name = Base; path = Base.lproj/Main.storyboard; sourceTree = "<group>"; };
		2F5CAA2D21BACF50001049A8 /* Assets.xcassets */ = {isa = PBXFileReference; lastKnownFileType = folder.assetcatalog; path = Assets.xcassets; sourceTree = "<group>"; };
		2F5CAA3021BACF50001049A8 /* Base */ = {isa = PBXFileReference; lastKnownFileType = file.storyboard; name = Base; path = Base.lproj/LaunchScreen.storyboard; sourceTree = "<group>"; };
		2F5CAA3221BACF50001049A8 /* Info.plist */ = {isa = PBXFileReference; lastKnownFileType = text.plist.xml; path = Info.plist; sourceTree = "<group>"; };
		2F5CAA3921BAD2AD001049A8 /* README.md */ = {isa = PBXFileReference; fileEncoding = 4; lastKnownFileType = net.daringfireball.markdown; name = README.md; path = ../README.md; sourceTree = "<group>"; };
		2F5CAA3F21BAD35D001049A8 /* UserModel.swift */ = {isa = PBXFileReference; lastKnownFileType = sourcecode.swift; path = UserModel.swift; sourceTree = "<group>"; };
		2F5CAA4121BAD378001049A8 /* NetworkService.swift */ = {isa = PBXFileReference; lastKnownFileType = sourcecode.swift; path = NetworkService.swift; sourceTree = "<group>"; };
		2F5CAA4321BAD553001049A8 /* KakaoOpenSDK.framework */ = {isa = PBXFileReference; lastKnownFileType = wrapper.framework; path = KakaoOpenSDK.framework; sourceTree = "<group>"; };
		2F5CAA4521BAD7D5001049A8 /* Sooling-iOS-Bridging-Header.h */ = {isa = PBXFileReference; lastKnownFileType = sourcecode.c.h; path = "Sooling-iOS-Bridging-Header.h"; sourceTree = "<group>"; };
		FFDCD2E25F3AED9132F2F6D9 /* Pods-Sooling-iOS.release.xcconfig */ = {isa = PBXFileReference; includeInIndex = 1; lastKnownFileType = text.xcconfig; name = "Pods-Sooling-iOS.release.xcconfig"; path = "Pods/Target Support Files/Pods-Sooling-iOS/Pods-Sooling-iOS.release.xcconfig"; sourceTree = "<group>"; };
/* End PBXFileReference section */

/* Begin PBXFrameworksBuildPhase section */
		2F5CAA2021BACF4F001049A8 /* Frameworks */ = {
			isa = PBXFrameworksBuildPhase;
			buildActionMask = 2147483647;
			files = (
				8BBDD778996122A8C904F8E4 /* Pods_Sooling_iOS.framework in Frameworks */,
				2F5CAA4421BAD553001049A8 /* KakaoOpenSDK.framework in Frameworks */,
			);
			runOnlyForDeploymentPostprocessing = 0;
		};
/* End PBXFrameworksBuildPhase section */

/* Begin PBXGroup section */
		075A0CE6B3379646FBD228C5 /* Frameworks */ = {
			isa = PBXGroup;
			children = (
				2F5CAA4321BAD553001049A8 /* KakaoOpenSDK.framework */,
				1E9C487B3E61AE1C1CCCC649 /* Pods_Sooling_iOS.framework */,
			);
			name = Frameworks;
			sourceTree = "<group>";
		};
		0E24AABA377364AA15769853 /* Pods */ = {
			isa = PBXGroup;
			children = (
				097E5F7081BE815B3943E92C /* Pods-Sooling-iOS.debug.xcconfig */,
				FFDCD2E25F3AED9132F2F6D9 /* Pods-Sooling-iOS.release.xcconfig */,
			);
			name = Pods;
			sourceTree = "<group>";
		};
		2F5CAA1A21BACF4F001049A8 = {
			isa = PBXGroup;
			children = (
				2F5CAA3921BAD2AD001049A8 /* README.md */,
				2F5CAA2521BACF4F001049A8 /* Sooling-iOS */,
				2F5CAA2421BACF4F001049A8 /* Products */,
				0E24AABA377364AA15769853 /* Pods */,
				075A0CE6B3379646FBD228C5 /* Frameworks */,
			);
			sourceTree = "<group>";
		};
		2F5CAA2421BACF4F001049A8 /* Products */ = {
			isa = PBXGroup;
			children = (
				2F5CAA2321BACF4F001049A8 /* Sooling-iOS.app */,
			);
			name = Products;
			sourceTree = "<group>";
		};
		2F5CAA2521BACF4F001049A8 /* Sooling-iOS */ = {
			isa = PBXGroup;
			children = (
				2F96615D21BBCEFF0061C199 /* BaseVC */,
				2F5CAA2621BACF4F001049A8 /* AppDelegate.swift */,
				2F5CAA3E21BAD2FA001049A8 /* Storyboard */,
				2F5CAA3D21BAD2E5001049A8 /* Model */,
				2F5CAA3C21BAD2DA001049A8 /* View */,
				2F5CAA3B21BAD2B8001049A8 /* ViewModel */,
				2F5CAA3821BAD158001049A8 /* SupportFile */,
				2F5CAA4521BAD7D5001049A8 /* Sooling-iOS-Bridging-Header.h */,
			);
			path = "Sooling-iOS";
			sourceTree = "<group>";
		};
		2F5CAA3821BAD158001049A8 /* SupportFile */ = {
			isa = PBXGroup;
			children = (
				2F5CAA2D21BACF50001049A8 /* Assets.xcassets */,
				2F5CAA3221BACF50001049A8 /* Info.plist */,
				2F04231421BB668100B8BFA3 /* credentials.plist */,
			);
			path = SupportFile;
			sourceTree = "<group>";
		};
		2F5CAA3B21BAD2B8001049A8 /* ViewModel */ = {
			isa = PBXGroup;
			children = (
				2F5CAA4121BAD378001049A8 /* NetworkService.swift */,
			);
			path = ViewModel;
			sourceTree = "<group>";
		};
		2F5CAA3C21BAD2DA001049A8 /* View */ = {
			isa = PBXGroup;
			children = (
				2F5CAA2821BACF4F001049A8 /* ViewController.swift */,
			);
			path = View;
			sourceTree = "<group>";
		};
		2F5CAA3D21BAD2E5001049A8 /* Model */ = {
			isa = PBXGroup;
			children = (
				2F5CAA3F21BAD35D001049A8 /* UserModel.swift */,
			);
			path = Model;
			sourceTree = "<group>";
		};
		2F5CAA3E21BAD2FA001049A8 /* Storyboard */ = {
			isa = PBXGroup;
			children = (
				2F5CAA2A21BACF4F001049A8 /* Main.storyboard */,
				2F5CAA2F21BACF50001049A8 /* LaunchScreen.storyboard */,
			);
			path = Storyboard;
			sourceTree = "<group>";
		};
		2F96615D21BBCEFF0061C199 /* BaseVC */ = {
			isa = PBXGroup;
			children = (
			);
			path = BaseVC;
			sourceTree = "<group>";
		};
/* End PBXGroup section */

/* Begin PBXNativeTarget section */
		2F5CAA2221BACF4F001049A8 /* Sooling-iOS */ = {
			isa = PBXNativeTarget;
			buildConfigurationList = 2F5CAA3521BACF50001049A8 /* Build configuration list for PBXNativeTarget "Sooling-iOS" */;
			buildPhases = (
				6D7BFB61980799F8CA9DBD24 /* [CP] Check Pods Manifest.lock */,
				2F5CAA1F21BACF4F001049A8 /* Sources */,
				2F5CAA2021BACF4F001049A8 /* Frameworks */,
				2F5CAA2121BACF4F001049A8 /* Resources */,
				E6F1F75068762BB34C5F0591 /* [CP] Embed Pods Frameworks */,
				EC1139BB6D4F177ABE0BE3B0 /* [CP] Copy Pods Resources */,
			);
			buildRules = (
			);
			dependencies = (
			);
			name = "Sooling-iOS";
			productName = "Sooling-iOS";
			productReference = 2F5CAA2321BACF4F001049A8 /* Sooling-iOS.app */;
			productType = "com.apple.product-type.application";
		};
/* End PBXNativeTarget section */

/* Begin PBXProject section */
		2F5CAA1B21BACF4F001049A8 /* Project object */ = {
			isa = PBXProject;
			attributes = {
				LastSwiftUpdateCheck = 1010;
				LastUpgradeCheck = 1010;
				ORGANIZATIONNAME = "여정승";
				TargetAttributes = {
					2F5CAA2221BACF4F001049A8 = {
						CreatedOnToolsVersion = 10.1;
						LastSwiftMigration = 1010;
					};
				};
			};
			buildConfigurationList = 2F5CAA1E21BACF4F001049A8 /* Build configuration list for PBXProject "Sooling-iOS" */;
			compatibilityVersion = "Xcode 9.3";
			developmentRegion = en;
			hasScannedForEncodings = 0;
			knownRegions = (
				en,
				Base,
			);
			mainGroup = 2F5CAA1A21BACF4F001049A8;
			productRefGroup = 2F5CAA2421BACF4F001049A8 /* Products */;
			projectDirPath = "";
			projectRoot = "";
			targets = (
				2F5CAA2221BACF4F001049A8 /* Sooling-iOS */,
			);
		};
/* End PBXProject section */

/* Begin PBXResourcesBuildPhase section */
		2F5CAA2121BACF4F001049A8 /* Resources */ = {
			isa = PBXResourcesBuildPhase;
			buildActionMask = 2147483647;
			files = (
				2F5CAA3121BACF50001049A8 /* LaunchScreen.storyboard in Resources */,
				2F5CAA2E21BACF50001049A8 /* Assets.xcassets in Resources */,
				2F04231521BB668100B8BFA3 /* credentials.plist in Resources */,
				2F5CAA3A21BAD2AD001049A8 /* README.md in Resources */,
				2F5CAA2C21BACF4F001049A8 /* Main.storyboard in Resources */,
			);
			runOnlyForDeploymentPostprocessing = 0;
		};
/* End PBXResourcesBuildPhase section */

/* Begin PBXShellScriptBuildPhase section */
		6D7BFB61980799F8CA9DBD24 /* [CP] Check Pods Manifest.lock */ = {
			isa = PBXShellScriptBuildPhase;
			buildActionMask = 2147483647;
			files = (
			);
			inputFileListPaths = (
			);
			inputPaths = (
				"${PODS_PODFILE_DIR_PATH}/Podfile.lock",
				"${PODS_ROOT}/Manifest.lock",
			);
			name = "[CP] Check Pods Manifest.lock";
			outputFileListPaths = (
			);
			outputPaths = (
				"$(DERIVED_FILE_DIR)/Pods-Sooling-iOS-checkManifestLockResult.txt",
			);
			runOnlyForDeploymentPostprocessing = 0;
			shellPath = /bin/sh;
			shellScript = "diff \"${PODS_PODFILE_DIR_PATH}/Podfile.lock\" \"${PODS_ROOT}/Manifest.lock\" > /dev/null\nif [ $? != 0 ] ; then\n    # print error to STDERR\n    echo \"error: The sandbox is not in sync with the Podfile.lock. Run 'pod install' or update your CocoaPods installation.\" >&2\n    exit 1\nfi\n# This output is used by Xcode 'outputs' to avoid re-running this script phase.\necho \"SUCCESS\" > \"${SCRIPT_OUTPUT_FILE_0}\"\n";
			showEnvVarsInLog = 0;
		};
		E6F1F75068762BB34C5F0591 /* [CP] Embed Pods Frameworks */ = {
			isa = PBXShellScriptBuildPhase;
			buildActionMask = 2147483647;
			files = (
			);
			inputFileListPaths = (
			);
			inputPaths = (
				"${SRCROOT}/Pods/Target Support Files/Pods-Sooling-iOS/Pods-Sooling-iOS-frameworks.sh",
				"${BUILT_PRODUCTS_DIR}/Alamofire/Alamofire.framework",
				"${BUILT_PRODUCTS_DIR}/GTMSessionFetcher/GTMSessionFetcher.framework",
				"${BUILT_PRODUCTS_DIR}/GoogleToolboxForMac/GoogleToolboxForMac.framework",
				"${BUILT_PRODUCTS_DIR}/Kingfisher/Kingfisher.framework",
				"${BUILT_PRODUCTS_DIR}/ObjectMapper/ObjectMapper.framework",
				"${BUILT_PRODUCTS_DIR}/RxAtomic/RxAtomic.framework",
				"${BUILT_PRODUCTS_DIR}/RxCocoa/RxCocoa.framework",
				"${BUILT_PRODUCTS_DIR}/RxSwift/RxSwift.framework",
				"${BUILT_PRODUCTS_DIR}/SnapKit/SnapKit.framework",
				"${BUILT_PRODUCTS_DIR}/Then/Then.framework",
			);
			name = "[CP] Embed Pods Frameworks";
			outputFileListPaths = (
			);
			outputPaths = (
				"${TARGET_BUILD_DIR}/${FRAMEWORKS_FOLDER_PATH}/Alamofire.framework",
				"${TARGET_BUILD_DIR}/${FRAMEWORKS_FOLDER_PATH}/GTMSessionFetcher.framework",
				"${TARGET_BUILD_DIR}/${FRAMEWORKS_FOLDER_PATH}/GoogleToolboxForMac.framework",
				"${TARGET_BUILD_DIR}/${FRAMEWORKS_FOLDER_PATH}/Kingfisher.framework",
				"${TARGET_BUILD_DIR}/${FRAMEWORKS_FOLDER_PATH}/ObjectMapper.framework",
				"${TARGET_BUILD_DIR}/${FRAMEWORKS_FOLDER_PATH}/RxAtomic.framework",
				"${TARGET_BUILD_DIR}/${FRAMEWORKS_FOLDER_PATH}/RxCocoa.framework",
				"${TARGET_BUILD_DIR}/${FRAMEWORKS_FOLDER_PATH}/RxSwift.framework",
				"${TARGET_BUILD_DIR}/${FRAMEWORKS_FOLDER_PATH}/SnapKit.framework",
				"${TARGET_BUILD_DIR}/${FRAMEWORKS_FOLDER_PATH}/Then.framework",
			);
			runOnlyForDeploymentPostprocessing = 0;
			shellPath = /bin/sh;
			shellScript = "\"${SRCROOT}/Pods/Target Support Files/Pods-Sooling-iOS/Pods-Sooling-iOS-frameworks.sh\"\n";
			showEnvVarsInLog = 0;
		};
		EC1139BB6D4F177ABE0BE3B0 /* [CP] Copy Pods Resources */ = {
			isa = PBXShellScriptBuildPhase;
			buildActionMask = 2147483647;
			files = (
			);
			inputFileListPaths = (
			);
			inputPaths = (
				"${SRCROOT}/Pods/Target Support Files/Pods-Sooling-iOS/Pods-Sooling-iOS-resources.sh",
				"${PODS_ROOT}/GoogleSignIn/Resources/GoogleSignIn.bundle",
			);
			name = "[CP] Copy Pods Resources";
			outputFileListPaths = (
			);
			outputPaths = (
				"${TARGET_BUILD_DIR}/${UNLOCALIZED_RESOURCES_FOLDER_PATH}/GoogleSignIn.bundle",
			);
			runOnlyForDeploymentPostprocessing = 0;
			shellPath = /bin/sh;
			shellScript = "\"${SRCROOT}/Pods/Target Support Files/Pods-Sooling-iOS/Pods-Sooling-iOS-resources.sh\"\n";
			showEnvVarsInLog = 0;
		};
/* End PBXShellScriptBuildPhase section */

/* Begin PBXSourcesBuildPhase section */
		2F5CAA1F21BACF4F001049A8 /* Sources */ = {
			isa = PBXSourcesBuildPhase;
			buildActionMask = 2147483647;
			files = (
				2F5CAA2921BACF4F001049A8 /* ViewController.swift in Sources */,
				2F5CAA4021BAD35D001049A8 /* UserModel.swift in Sources */,
				2F5CAA4221BAD378001049A8 /* NetworkService.swift in Sources */,
				2F5CAA2721BACF4F001049A8 /* AppDelegate.swift in Sources */,
			);
			runOnlyForDeploymentPostprocessing = 0;
		};
/* End PBXSourcesBuildPhase section */

/* Begin PBXVariantGroup section */
		2F5CAA2A21BACF4F001049A8 /* Main.storyboard */ = {
			isa = PBXVariantGroup;
			children = (
				2F5CAA2B21BACF4F001049A8 /* Base */,
			);
			name = Main.storyboard;
			sourceTree = "<group>";
		};
		2F5CAA2F21BACF50001049A8 /* LaunchScreen.storyboard */ = {
			isa = PBXVariantGroup;
			children = (
				2F5CAA3021BACF50001049A8 /* Base */,
			);
			name = LaunchScreen.storyboard;
			sourceTree = "<group>";
		};
/* End PBXVariantGroup section */

/* Begin XCBuildConfiguration section */
		2F5CAA3321BACF50001049A8 /* Debug */ = {
			isa = XCBuildConfiguration;
			buildSettings = {
				ALWAYS_SEARCH_USER_PATHS = NO;
				CLANG_ANALYZER_NONNULL = YES;
				CLANG_ANALYZER_NUMBER_OBJECT_CONVERSION = YES_AGGRESSIVE;
				CLANG_CXX_LANGUAGE_STANDARD = "gnu++14";
				CLANG_CXX_LIBRARY = "libc++";
				CLANG_ENABLE_MODULES = YES;
				CLANG_ENABLE_OBJC_ARC = YES;
				CLANG_ENABLE_OBJC_WEAK = YES;
				CLANG_WARN_BLOCK_CAPTURE_AUTORELEASING = YES;
				CLANG_WARN_BOOL_CONVERSION = YES;
				CLANG_WARN_COMMA = YES;
				CLANG_WARN_CONSTANT_CONVERSION = YES;
				CLANG_WARN_DEPRECATED_OBJC_IMPLEMENTATIONS = YES;
				CLANG_WARN_DIRECT_OBJC_ISA_USAGE = YES_ERROR;
				CLANG_WARN_DOCUMENTATION_COMMENTS = YES;
				CLANG_WARN_EMPTY_BODY = YES;
				CLANG_WARN_ENUM_CONVERSION = YES;
				CLANG_WARN_INFINITE_RECURSION = YES;
				CLANG_WARN_INT_CONVERSION = YES;
				CLANG_WARN_NON_LITERAL_NULL_CONVERSION = YES;
				CLANG_WARN_OBJC_IMPLICIT_RETAIN_SELF = YES;
				CLANG_WARN_OBJC_LITERAL_CONVERSION = YES;
				CLANG_WARN_OBJC_ROOT_CLASS = YES_ERROR;
				CLANG_WARN_RANGE_LOOP_ANALYSIS = YES;
				CLANG_WARN_STRICT_PROTOTYPES = YES;
				CLANG_WARN_SUSPICIOUS_MOVE = YES;
				CLANG_WARN_UNGUARDED_AVAILABILITY = YES_AGGRESSIVE;
				CLANG_WARN_UNREACHABLE_CODE = YES;
				CLANG_WARN__DUPLICATE_METHOD_MATCH = YES;
				CODE_SIGN_IDENTITY = "iPhone Developer";
				COPY_PHASE_STRIP = NO;
				DEBUG_INFORMATION_FORMAT = dwarf;
				ENABLE_STRICT_OBJC_MSGSEND = YES;
				ENABLE_TESTABILITY = YES;
				GCC_C_LANGUAGE_STANDARD = gnu11;
				GCC_DYNAMIC_NO_PIC = NO;
				GCC_NO_COMMON_BLOCKS = YES;
				GCC_OPTIMIZATION_LEVEL = 0;
				GCC_PREPROCESSOR_DEFINITIONS = (
					"DEBUG=1",
					"$(inherited)",
				);
				GCC_WARN_64_TO_32_BIT_CONVERSION = YES;
				GCC_WARN_ABOUT_RETURN_TYPE = YES_ERROR;
				GCC_WARN_UNDECLARED_SELECTOR = YES;
				GCC_WARN_UNINITIALIZED_AUTOS = YES_AGGRESSIVE;
				GCC_WARN_UNUSED_FUNCTION = YES;
				GCC_WARN_UNUSED_VARIABLE = YES;
				IPHONEOS_DEPLOYMENT_TARGET = 12.1;
				MTL_ENABLE_DEBUG_INFO = INCLUDE_SOURCE;
				MTL_FAST_MATH = YES;
				ONLY_ACTIVE_ARCH = YES;
				SDKROOT = iphoneos;
				SWIFT_ACTIVE_COMPILATION_CONDITIONS = DEBUG;
				SWIFT_OPTIMIZATION_LEVEL = "-Onone";
			};
			name = Debug;
		};
		2F5CAA3421BACF50001049A8 /* Release */ = {
			isa = XCBuildConfiguration;
			buildSettings = {
				ALWAYS_SEARCH_USER_PATHS = NO;
				CLANG_ANALYZER_NONNULL = YES;
				CLANG_ANALYZER_NUMBER_OBJECT_CONVERSION = YES_AGGRESSIVE;
				CLANG_CXX_LANGUAGE_STANDARD = "gnu++14";
				CLANG_CXX_LIBRARY = "libc++";
				CLANG_ENABLE_MODULES = YES;
				CLANG_ENABLE_OBJC_ARC = YES;
				CLANG_ENABLE_OBJC_WEAK = YES;
				CLANG_WARN_BLOCK_CAPTURE_AUTORELEASING = YES;
				CLANG_WARN_BOOL_CONVERSION = YES;
				CLANG_WARN_COMMA = YES;
				CLANG_WARN_CONSTANT_CONVERSION = YES;
				CLANG_WARN_DEPRECATED_OBJC_IMPLEMENTATIONS = YES;
				CLANG_WARN_DIRECT_OBJC_ISA_USAGE = YES_ERROR;
				CLANG_WARN_DOCUMENTATION_COMMENTS = YES;
				CLANG_WARN_EMPTY_BODY = YES;
				CLANG_WARN_ENUM_CONVERSION = YES;
				CLANG_WARN_INFINITE_RECURSION = YES;
				CLANG_WARN_INT_CONVERSION = YES;
				CLANG_WARN_NON_LITERAL_NULL_CONVERSION = YES;
				CLANG_WARN_OBJC_IMPLICIT_RETAIN_SELF = YES;
				CLANG_WARN_OBJC_LITERAL_CONVERSION = YES;
				CLANG_WARN_OBJC_ROOT_CLASS = YES_ERROR;
				CLANG_WARN_RANGE_LOOP_ANALYSIS = YES;
				CLANG_WARN_STRICT_PROTOTYPES = YES;
				CLANG_WARN_SUSPICIOUS_MOVE = YES;
				CLANG_WARN_UNGUARDED_AVAILABILITY = YES_AGGRESSIVE;
				CLANG_WARN_UNREACHABLE_CODE = YES;
				CLANG_WARN__DUPLICATE_METHOD_MATCH = YES;
				CODE_SIGN_IDENTITY = "iPhone Developer";
				COPY_PHASE_STRIP = NO;
				DEBUG_INFORMATION_FORMAT = "dwarf-with-dsym";
				ENABLE_NS_ASSERTIONS = NO;
				ENABLE_STRICT_OBJC_MSGSEND = YES;
				GCC_C_LANGUAGE_STANDARD = gnu11;
				GCC_NO_COMMON_BLOCKS = YES;
				GCC_WARN_64_TO_32_BIT_CONVERSION = YES;
				GCC_WARN_ABOUT_RETURN_TYPE = YES_ERROR;
				GCC_WARN_UNDECLARED_SELECTOR = YES;
				GCC_WARN_UNINITIALIZED_AUTOS = YES_AGGRESSIVE;
				GCC_WARN_UNUSED_FUNCTION = YES;
				GCC_WARN_UNUSED_VARIABLE = YES;
				IPHONEOS_DEPLOYMENT_TARGET = 12.1;
				MTL_ENABLE_DEBUG_INFO = NO;
				MTL_FAST_MATH = YES;
				SDKROOT = iphoneos;
				SWIFT_COMPILATION_MODE = wholemodule;
				SWIFT_OPTIMIZATION_LEVEL = "-O";
				VALIDATE_PRODUCT = YES;
			};
			name = Release;
		};
		2F5CAA3621BACF50001049A8 /* Debug */ = {
			isa = XCBuildConfiguration;
			baseConfigurationReference = 097E5F7081BE815B3943E92C /* Pods-Sooling-iOS.debug.xcconfig */;
			buildSettings = {
				ASSETCATALOG_COMPILER_APPICON_NAME = AppIcon;
				CLANG_ENABLE_MODULES = YES;
				CODE_SIGN_STYLE = Automatic;
				DEVELOPMENT_TEAM = 524TVTU6B9;
				FRAMEWORK_SEARCH_PATHS = (
					"$(inherited)",
					"$(PROJECT_DIR)",
				);
				INFOPLIST_FILE = "$(SRCROOT)/Sooling-iOS/SupportFile/Info.plist";
				IPHONEOS_DEPLOYMENT_TARGET = 10.0;
				LD_RUNPATH_SEARCH_PATHS = (
					"$(inherited)",
					"@executable_path/Frameworks",
				);
				OTHER_LDFLAGS = (
					"$(inherited)",
					"-framework",
					"\"Alamofire\"",
					"-framework",
					"\"ObjectMapper\"",
					"-framework",
					"\"RxAtomic\"",
					"-framework",
					"\"RxCocoa\"",
					"-framework",
					"\"RxSwift\"",
					"-framework",
					"\"SnapKit\"",
					"-framework",
					"\"Then\"",
					"-all_load",
					"-Objc",
				);
				PRODUCT_BUNDLE_IDENTIFIER = "com.linsaeng.Sooling-iOS";
				PRODUCT_NAME = "$(TARGET_NAME)";
				SWIFT_OBJC_BRIDGING_HEADER = "Sooling-iOS/Sooling-iOS-Bridging-Header.h";
				SWIFT_OPTIMIZATION_LEVEL = "-Onone";
				SWIFT_VERSION = 4.2;
				TARGETED_DEVICE_FAMILY = "1,2";
			};
			name = Debug;
		};
		2F5CAA3721BACF50001049A8 /* Release */ = {
			isa = XCBuildConfiguration;
			baseConfigurationReference = FFDCD2E25F3AED9132F2F6D9 /* Pods-Sooling-iOS.release.xcconfig */;
			buildSettings = {
				ASSETCATALOG_COMPILER_APPICON_NAME = AppIcon;
				CLANG_ENABLE_MODULES = YES;
				CODE_SIGN_STYLE = Automatic;
				DEVELOPMENT_TEAM = 524TVTU6B9;
				FRAMEWORK_SEARCH_PATHS = (
					"$(inherited)",
					"$(PROJECT_DIR)",
				);
				INFOPLIST_FILE = "$(SRCROOT)/Sooling-iOS/SupportFile/Info.plist";
				IPHONEOS_DEPLOYMENT_TARGET = 10.0;
				LD_RUNPATH_SEARCH_PATHS = (
					"$(inherited)",
					"@executable_path/Frameworks",
				);
				OTHER_LDFLAGS = (
					"$(inherited)",
					"-framework",
					"\"Alamofire\"",
					"-framework",
					"\"ObjectMapper\"",
					"-framework",
					"\"RxAtomic\"",
					"-framework",
					"\"RxCocoa\"",
					"-framework",
					"\"RxSwift\"",
					"-framework",
					"\"SnapKit\"",
					"-framework",
					"\"Then\"",
					"-all_load",
					"-Objc",
				);
				PRODUCT_BUNDLE_IDENTIFIER = "com.linsaeng.Sooling-iOS";
				PRODUCT_NAME = "$(TARGET_NAME)";
				SWIFT_OBJC_BRIDGING_HEADER = "Sooling-iOS/Sooling-iOS-Bridging-Header.h";
				SWIFT_VERSION = 4.2;
				TARGETED_DEVICE_FAMILY = "1,2";
			};
			name = Release;
		};
/* End XCBuildConfiguration section */

/* Begin XCConfigurationList section */
		2F5CAA1E21BACF4F001049A8 /* Build configuration list for PBXProject "Sooling-iOS" */ = {
			isa = XCConfigurationList;
			buildConfigurations = (
				2F5CAA3321BACF50001049A8 /* Debug */,
				2F5CAA3421BACF50001049A8 /* Release */,
			);
			defaultConfigurationIsVisible = 0;
			defaultConfigurationName = Release;
		};
		2F5CAA3521BACF50001049A8 /* Build configuration list for PBXNativeTarget "Sooling-iOS" */ = {
			isa = XCConfigurationList;
			buildConfigurations = (
				2F5CAA3621BACF50001049A8 /* Debug */,
				2F5CAA3721BACF50001049A8 /* Release */,
			);
			defaultConfigurationIsVisible = 0;
			defaultConfigurationName = Release;
		};
/* End XCConfigurationList section */
	};
	rootObject = 2F5CAA1B21BACF4F001049A8 /* Project object */;
}
